
Microsoft Visual Studio Solution File, Format Version 12.00
# Visual Studio Version 17
VisualStudioVersion = 17.8.34330.188
MinimumVisualStudioVersion = 10.0.40219.1
Project("{9A19103F-16F7-4668-BE54-9A1E7A4F7556}") = "AppHealthyFood", "AppHealthyFood\AppHealthyFood.csproj", "{AB58C799-E950-4AD6-B310-FAFF72B35697}"
EndProject
Global
	GlobalSection(SolutionConfigurationPlatforms) = preSolution
		Debug|Any CPU = Debug|Any CPU
		Release|Any CPU = Release|Any CPU
	EndGlobalSection
	GlobalSection(ProjectConfigurationPlatforms) = postSolution
		{AB58C799-E950-4AD6-B310-FAFF72B35697}.Debug|Any CPU.ActiveCfg = Debug|Any CPU
		{AB58C799-E950-4AD6-B310-FAFF72B35697}.Debug|Any CPU.Build.0 = Debug|Any CPU
		{AB58C799-E950-4AD6-B310-FAFF72B35697}.Release|Any CPU.ActiveCfg = Release|Any CPU
		{AB58C799-E950-4AD6-B310-FAFF72B35697}.Release|Any CPU.Build.0 = Release|Any CPU
	EndGlobalSection
	GlobalSection(SolutionProperties) = preSolution
		HideSolutionNode = FALSE
	EndGlobalSection
	GlobalSection(ExtensibilityGlobals) = postSolution
		SolutionGuid = {F8FBB14D-791E-4BF0-90EA-FE8B5FBFAC47}
	EndGlobalSection
EndGlobal
